
Microsoft Visual Studio Solution File, Format Version 12.00
# Visual Studio Version 17
VisualStudioVersion = 17.14.36121.58 d17.14
MinimumVisualStudioVersion = 10.0.40219.1
Project("{FAE04EC0-301F-11D3-BF4B-00C04F79EFBC}") = "PIV_PF_JorgeIsaacLópezV", "PIV_PF_JorgeIsaacLópezV\PIV_PF_JorgeIsaacLópezV.csproj", "{C7646CE0-4BA9-4F5B-89DA-041D38DD7CAF}"
EndProject
Global
	GlobalSection(SolutionConfigurationPlatforms) = preSolution
		Debug|Any CPU = Debug|Any CPU
		Release|Any CPU = Release|Any CPU
	EndGlobalSection
	GlobalSection(ProjectConfigurationPlatforms) = postSolution
		{C7646CE0-4BA9-4F5B-89DA-041D38DD7CAF}.Debug|Any CPU.ActiveCfg = Debug|Any CPU
		{C7646CE0-4BA9-4F5B-89DA-041D38DD7CAF}.Debug|Any CPU.Build.0 = Debug|Any CPU
		{C7646CE0-4BA9-4F5B-89DA-041D38DD7CAF}.Release|Any CPU.ActiveCfg = Release|Any CPU
		{C7646CE0-4BA9-4F5B-89DA-041D38DD7CAF}.Release|Any CPU.Build.0 = Release|Any CPU
	EndGlobalSection
	GlobalSection(SolutionProperties) = preSolution
		HideSolutionNode = FALSE
	EndGlobalSection
	GlobalSection(ExtensibilityGlobals) = postSolution
		SolutionGuid = {8AB7081E-22B3-4B30-B6AE-7F9D58252059}
	EndGlobalSection
EndGlobal
